{
  "name": "@xpack-dev-tools/clang",
  "version": "17.0.6-1.1",
  "lockfileVersion": 3,
  "requires": true,
  "packages": {
    "": {
      "name": "@xpack-dev-tools/clang",
      "version": "17.0.6-1.1",
      "license": "MIT",
      "devDependencies": {
        "liquidjs": "^10.9.2"
      }
    },
    "node_modules/commander": {
      "version": "10.0.1",
      "resolved": "https://registry.npmjs.org/commander/-/commander-10.0.1.tgz",
      "integrity": "sha512-y4Mg2tXshplEbSGzx7amzPwKKOCGuoSRP/CjEdwwk0FOGlUbq6lKuoyDZTNZkmxHdJtp54hdfY/JUrdL7Xfdug==",
      "dev": true,
      "engines": {
        "node": ">=14"
      }
    },
    "node_modules/liquidjs": {
      "version": "10.10.0",
      "resolved": "https://registry.npmjs.org/liquidjs/-/liquidjs-10.10.0.tgz",
      "integrity": "sha512-f4gPvCq4uV4Fm5YezVUQoAMPmBMEuIE2LvgCnzyWoPRx+ZefH6b8DU2eb7znltRqATHF8zYvOsd5FD2z1spJgg==",
      "dev": true,
      "dependencies": {
        "commander": "^10.0.0"
      },
      "bin": {
        "liquid": "bin/liquid.js",
        "liquidjs": "bin/liquid.js"
      },
      "engines": {
        "node": ">=14"
      },
      "funding": {
        "type": "opencollective",
        "url": "https://opencollective.com/liquidjs"
      }
    }
  }
}
